
Microsoft Visual Studio Solution File, Format Version 12.00
# Visual Studio Version 17
VisualStudioVersion = 17.11.35312.102
MinimumVisualStudioVersion = 10.0.40219.1
Project("{FAE04EC0-301F-11D3-BF4B-00C04F79EFBC}") = "Online2", "Online2\Online2.csproj", "{4EFF4450-05B8-40B8-95F7-3E4D5EA55272}"
EndProject
Global
	GlobalSection(SolutionConfigurationPlatforms) = preSolution
		Debug|Any CPU = Debug|Any CPU
		Release|Any CPU = Release|Any CPU
	EndGlobalSection
	GlobalSection(ProjectConfigurationPlatforms) = postSolution
		{4EFF4450-05B8-40B8-95F7-3E4D5EA55272}.Debug|Any CPU.ActiveCfg = Debug|Any CPU
		{4EFF4450-05B8-40B8-95F7-3E4D5EA55272}.Debug|Any CPU.Build.0 = Debug|Any CPU
		{4EFF4450-05B8-40B8-95F7-3E4D5EA55272}.Release|Any CPU.ActiveCfg = Release|Any CPU
		{4EFF4450-05B8-40B8-95F7-3E4D5EA55272}.Release|Any CPU.Build.0 = Release|Any CPU
	EndGlobalSection
	GlobalSection(SolutionProperties) = preSolution
		HideSolutionNode = FALSE
	EndGlobalSection
	GlobalSection(ExtensibilityGlobals) = postSolution
		SolutionGuid = {85D205D2-A0EB-4ECC-A355-1ADB11B1F34C}
	EndGlobalSection
EndGlobal
